// !$*UTF8*$!
{
	archiveVersion = 1;
	classes = {
	};
	objectVersion = 50;
	objects = {

/* Begin PBXBuildFile section */
		182F572325CFD2C00080C9F7 /* Builder.swift in Sources */ = {isa = PBXBuildFile; fileRef = 182F572225CFD2C00080C9F7 /* Builder.swift */; };
		182F572825D00F420080C9F7 /* Prototype.swift in Sources */ = {isa = PBXBuildFile; fileRef = 182F572725D00F420080C9F7 /* Prototype.swift */; };
		182F572C25D017B20080C9F7 /* Singleton.swift in Sources */ = {isa = PBXBuildFile; fileRef = 182F572B25D017B20080C9F7 /* Singleton.swift */; };
		182F573125D062100080C9F7 /* Adapter.swift in Sources */ = {isa = PBXBuildFile; fileRef = 182F573025D062100080C9F7 /* Adapter.swift */; };
		18E7BE5C25CF144900F9972A /* AppDelegate.swift in Sources */ = {isa = PBXBuildFile; fileRef = 18E7BE5B25CF144900F9972A /* AppDelegate.swift */; };
		18E7BE5E25CF144900F9972A /* SceneDelegate.swift in Sources */ = {isa = PBXBuildFile; fileRef = 18E7BE5D25CF144900F9972A /* SceneDelegate.swift */; };
		18E7BE6025CF144900F9972A /* ViewController.swift in Sources */ = {isa = PBXBuildFile; fileRef = 18E7BE5F25CF144900F9972A /* ViewController.swift */; };
		18E7BE6325CF144900F9972A /* Main.storyboard in Resources */ = {isa = PBXBuildFile; fileRef = 18E7BE6125CF144900F9972A /* Main.storyboard */; };
		18E7BE6525CF144D00F9972A /* Assets.xcassets in Resources */ = {isa = PBXBuildFile; fileRef = 18E7BE6425CF144D00F9972A /* Assets.xcassets */; };
		18E7BE6825CF144D00F9972A /* LaunchScreen.storyboard in Resources */ = {isa = PBXBuildFile; fileRef = 18E7BE6625CF144D00F9972A /* LaunchScreen.storyboard */; };
		18E7BE7325CF147F00F9972A /* FurnitureFactory.swift in Sources */ = {isa = PBXBuildFile; fileRef = 18E7BE7225CF147F00F9972A /* FurnitureFactory.swift */; };
/* End PBXBuildFile section */

/* Begin PBXFileReference section */
		182F572225CFD2C00080C9F7 /* Builder.swift */ = {isa = PBXFileReference; lastKnownFileType = sourcecode.swift; path = Builder.swift; sourceTree = "<group>"; };
		182F572725D00F420080C9F7 /* Prototype.swift */ = {isa = PBXFileReference; lastKnownFileType = sourcecode.swift; path = Prototype.swift; sourceTree = "<group>"; };
		182F572B25D017B20080C9F7 /* Singleton.swift */ = {isa = PBXFileReference; lastKnownFileType = sourcecode.swift; path = Singleton.swift; sourceTree = "<group>"; };
		182F573025D062100080C9F7 /* Adapter.swift */ = {isa = PBXFileReference; lastKnownFileType = sourcecode.swift; path = Adapter.swift; sourceTree = "<group>"; };
		18E7BE5825CF144900F9972A /* DesignPractice.app */ = {isa = PBXFileReference; explicitFileType = wrapper.application; includeInIndex = 0; path = DesignPractice.app; sourceTree = BUILT_PRODUCTS_DIR; };
		18E7BE5B25CF144900F9972A /* AppDelegate.swift */ = {isa = PBXFileReference; lastKnownFileType = sourcecode.swift; path = AppDelegate.swift; sourceTree = "<group>"; };
		18E7BE5D25CF144900F9972A /* SceneDelegate.swift */ = {isa = PBXFileReference; lastKnownFileType = sourcecode.swift; path = SceneDelegate.swift; sourceTree = "<group>"; };
		18E7BE5F25CF144900F9972A /* ViewController.swift */ = {isa = PBXFileReference; lastKnownFileType = sourcecode.swift; path = ViewController.swift; sourceTree = "<group>"; };
		18E7BE6225CF144900F9972A /* Base */ = {isa = PBXFileReference; lastKnownFileType = file.storyboard; name = Base; path = Base.lproj/Main.storyboard; sourceTree = "<group>"; };
		18E7BE6425CF144D00F9972A /* Assets.xcassets */ = {isa = PBXFileReference; lastKnownFileType = folder.assetcatalog; path = Assets.xcassets; sourceTree = "<group>"; };
		18E7BE6725CF144D00F9972A /* Base */ = {isa = PBXFileReference; lastKnownFileType = file.storyboard; name = Base; path = Base.lproj/LaunchScreen.storyboard; sourceTree = "<group>"; };
		18E7BE6925CF144D00F9972A /* Info.plist */ = {isa = PBXFileReference; lastKnownFileType = text.plist.xml; path = Info.plist; sourceTree = "<group>"; };
		18E7BE7225CF147F00F9972A /* FurnitureFactory.swift */ = {isa = PBXFileReference; lastKnownFileType = sourcecode.swift; path = FurnitureFactory.swift; sourceTree = "<group>"; };
/* End PBXFileReference section */

/* Begin PBXFrameworksBuildPhase section */
		18E7BE5525CF144900F9972A /* Frameworks */ = {
			isa = PBXFrameworksBuildPhase;
			buildActionMask = 2147483647;
			files = (
			);
			runOnlyForDeploymentPostprocessing = 0;
		};
/* End PBXFrameworksBuildPhase section */

/* Begin PBXGroup section */
		182F572125CFD2AA0080C9F7 /* Builder */ = {
			isa = PBXGroup;
			children = (
				182F572225CFD2C00080C9F7 /* Builder.swift */,
			);
			path = Builder;
			sourceTree = "<group>";
		};
		182F572625D00F310080C9F7 /* Prototype */ = {
			isa = PBXGroup;
			children = (
				182F572725D00F420080C9F7 /* Prototype.swift */,
			);
			path = Prototype;
			sourceTree = "<group>";
		};
		182F572A25D0179B0080C9F7 /* SingleTon */ = {
			isa = PBXGroup;
			children = (
				182F572B25D017B20080C9F7 /* Singleton.swift */,
			);
			path = SingleTon;
			sourceTree = "<group>";
		};
		182F572F25D061FD0080C9F7 /* Adapter */ = {
			isa = PBXGroup;
			children = (
				182F573025D062100080C9F7 /* Adapter.swift */,
			);
			path = Adapter;
			sourceTree = "<group>";
		};
		18E7BE4F25CF144900F9972A = {
			isa = PBXGroup;
			children = (
				18E7BE5A25CF144900F9972A /* DesignPractice */,
				18E7BE5925CF144900F9972A /* Products */,
			);
			sourceTree = "<group>";
		};
		18E7BE5925CF144900F9972A /* Products */ = {
			isa = PBXGroup;
			children = (
				18E7BE5825CF144900F9972A /* DesignPractice.app */,
			);
			name = Products;
			sourceTree = "<group>";
		};
		18E7BE5A25CF144900F9972A /* DesignPractice */ = {
			isa = PBXGroup;
			children = (
				182F572F25D061FD0080C9F7 /* Adapter */,
				182F572A25D0179B0080C9F7 /* SingleTon */,
				182F572625D00F310080C9F7 /* Prototype */,
				182F572125CFD2AA0080C9F7 /* Builder */,
				18E7BE7025CF145700F9972A /* AbstractFactory */,
				18E7BE5B25CF144900F9972A /* AppDelegate.swift */,
				18E7BE5D25CF144900F9972A /* SceneDelegate.swift */,
				18E7BE5F25CF144900F9972A /* ViewController.swift */,
				18E7BE6125CF144900F9972A /* Main.storyboard */,
				18E7BE6425CF144D00F9972A /* Assets.xcassets */,
				18E7BE6625CF144D00F9972A /* LaunchScreen.storyboard */,
				18E7BE6925CF144D00F9972A /* Info.plist */,
			);
			path = DesignPractice;
			sourceTree = "<group>";
		};
		18E7BE7025CF145700F9972A /* AbstractFactory */ = {
			isa = PBXGroup;
			children = (
				18E7BE7225CF147F00F9972A /* FurnitureFactory.swift */,
			);
			path = AbstractFactory;
			sourceTree = "<group>";
		};
/* End PBXGroup section */

/* Begin PBXNativeTarget section */
		18E7BE5725CF144900F9972A /* DesignPractice */ = {
			isa = PBXNativeTarget;
			buildConfigurationList = 18E7BE6C25CF144D00F9972A /* Build configuration list for PBXNativeTarget "DesignPractice" */;
			buildPhases = (
				18E7BE5425CF144900F9972A /* Sources */,
				18E7BE5525CF144900F9972A /* Frameworks */,
				18E7BE5625CF144900F9972A /* Resources */,
			);
			buildRules = (
			);
			dependencies = (
			);
			name = DesignPractice;
			productName = DesignPractice;
			productReference = 18E7BE5825CF144900F9972A /* DesignPractice.app */;
			productType = "com.apple.product-type.application";
		};
/* End PBXNativeTarget section */

/* Begin PBXProject section */
		18E7BE5025CF144900F9972A /* Project object */ = {
			isa = PBXProject;
			attributes = {
				LastSwiftUpdateCheck = 1230;
				LastUpgradeCheck = 1230;
				TargetAttributes = {
					18E7BE5725CF144900F9972A = {
						CreatedOnToolsVersion = 12.3;
					};
				};
			};
			buildConfigurationList = 18E7BE5325CF144900F9972A /* Build configuration list for PBXProject "DesignPractice" */;
			compatibilityVersion = "Xcode 9.3";
			developmentRegion = en;
			hasScannedForEncodings = 0;
			knownRegions = (
				en,
				Base,
			);
			mainGroup = 18E7BE4F25CF144900F9972A;
			productRefGroup = 18E7BE5925CF144900F9972A /* Products */;
			projectDirPath = "";
			projectRoot = "";
			targets = (
				18E7BE5725CF144900F9972A /* DesignPractice */,
			);
		};
/* End PBXProject section */

/* Begin PBXResourcesBuildPhase section */
		18E7BE5625CF144900F9972A /* Resources */ = {
			isa = PBXResourcesBuildPhase;
			buildActionMask = 2147483647;
			files = (
				18E7BE6825CF144D00F9972A /* LaunchScreen.storyboard in Resources */,
				18E7BE6525CF144D00F9972A /* Assets.xcassets in Resources */,
				18E7BE6325CF144900F9972A /* Main.storyboard in Resources */,
			);
			runOnlyForDeploymentPostprocessing = 0;
		};
/* End PBXResourcesBuildPhase section */

/* Begin PBXSourcesBuildPhase section */
		18E7BE5425CF144900F9972A /* Sources */ = {
			isa = PBXSourcesBuildPhase;
			buildActionMask = 2147483647;
			files = (
				18E7BE6025CF144900F9972A /* ViewController.swift in Sources */,
				182F573125D062100080C9F7 /* Adapter.swift in Sources */,
				18E7BE7325CF147F00F9972A /* FurnitureFactory.swift in Sources */,
				182F572825D00F420080C9F7 /* Prototype.swift in Sources */,
				18E7BE5C25CF144900F9972A /* AppDelegate.swift in Sources */,
				182F572C25D017B20080C9F7 /* Singleton.swift in Sources */,
				18E7BE5E25CF144900F9972A /* SceneDelegate.swift in Sources */,
				182F572325CFD2C00080C9F7 /* Builder.swift in Sources */,
			);
			runOnlyForDeploymentPostprocessing = 0;
		};
/* End PBXSourcesBuildPhase section */

/* Begin PBXVariantGroup section */
		18E7BE6125CF144900F9972A /* Main.storyboard */ = {
			isa = PBXVariantGroup;
			children = (
				18E7BE6225CF144900F9972A /* Base */,
			);
			name = Main.storyboard;
			sourceTree = "<group>";
		};
		18E7BE6625CF144D00F9972A /* LaunchScreen.storyboard */ = {
			isa = PBXVariantGroup;
			children = (
				18E7BE6725CF144D00F9972A /* Base */,
			);
			name = LaunchScreen.storyboard;
			sourceTree = "<group>";
		};
/* End PBXVariantGroup section */

/* Begin XCBuildConfiguration section */
		18E7BE6A25CF144D00F9972A /* Debug */ = {
			isa = XCBuildConfiguration;
			buildSettings = {
				ALWAYS_SEARCH_USER_PATHS = NO;
				CLANG_ANALYZER_NONNULL = YES;
				CLANG_ANALYZER_NUMBER_OBJECT_CONVERSION = YES_AGGRESSIVE;
				CLANG_CXX_LANGUAGE_STANDARD = "gnu++14";
				CLANG_CXX_LIBRARY = "libc++";
				CLANG_ENABLE_MODULES = YES;
				CLANG_ENABLE_OBJC_ARC = YES;
				CLANG_ENABLE_OBJC_WEAK = YES;
				CLANG_WARN_BLOCK_CAPTURE_AUTORELEASING = YES;
				CLANG_WARN_BOOL_CONVERSION = YES;
				CLANG_WARN_COMMA = YES;
				CLANG_WARN_CONSTANT_CONVERSION = YES;
				CLANG_WARN_DEPRECATED_OBJC_IMPLEMENTATIONS = YES;
				CLANG_WARN_DIRECT_OBJC_ISA_USAGE = YES_ERROR;
				CLANG_WARN_DOCUMENTATION_COMMENTS = YES;
				CLANG_WARN_EMPTY_BODY = YES;
				CLANG_WARN_ENUM_CONVERSION = YES;
				CLANG_WARN_INFINITE_RECURSION = YES;
				CLANG_WARN_INT_CONVERSION = YES;
				CLANG_WARN_NON_LITERAL_NULL_CONVERSION = YES;
				CLANG_WARN_OBJC_IMPLICIT_RETAIN_SELF = YES;
				CLANG_WARN_OBJC_LITERAL_CONVERSION = YES;
				CLANG_WARN_OBJC_ROOT_CLASS = YES_ERROR;
				CLANG_WARN_QUOTED_INCLUDE_IN_FRAMEWORK_HEADER = YES;
				CLANG_WARN_RANGE_LOOP_ANALYSIS = YES;
				CLANG_WARN_STRICT_PROTOTYPES = YES;
				CLANG_WARN_SUSPICIOUS_MOVE = YES;
				CLANG_WARN_UNGUARDED_AVAILABILITY = YES_AGGRESSIVE;
				CLANG_WARN_UNREACHABLE_CODE = YES;
				CLANG_WARN__DUPLICATE_METHOD_MATCH = YES;
				COPY_PHASE_STRIP = NO;
				DEBUG_INFORMATION_FORMAT = dwarf;
				ENABLE_STRICT_OBJC_MSGSEND = YES;
				ENABLE_TESTABILITY = YES;
				GCC_C_LANGUAGE_STANDARD = gnu11;
				GCC_DYNAMIC_NO_PIC = NO;
				GCC_NO_COMMON_BLOCKS = YES;
				GCC_OPTIMIZATION_LEVEL = 0;
				GCC_PREPROCESSOR_DEFINITIONS = (
					"DEBUG=1",
					"$(inherited)",
				);
				GCC_WARN_64_TO_32_BIT_CONVERSION = YES;
				GCC_WARN_ABOUT_RETURN_TYPE = YES_ERROR;
				GCC_WARN_UNDECLARED_SELECTOR = YES;
				GCC_WARN_UNINITIALIZED_AUTOS = YES_AGGRESSIVE;
				GCC_WARN_UNUSED_FUNCTION = YES;
				GCC_WARN_UNUSED_VARIABLE = YES;
				IPHONEOS_DEPLOYMENT_TARGET = 14.3;
				MTL_ENABLE_DEBUG_INFO = INCLUDE_SOURCE;
				MTL_FAST_MATH = YES;
				ONLY_ACTIVE_ARCH = YES;
				SDKROOT = iphoneos;
				SWIFT_ACTIVE_COMPILATION_CONDITIONS = DEBUG;
				SWIFT_OPTIMIZATION_LEVEL = "-Onone";
			};
			name = Debug;
		};
		18E7BE6B25CF144D00F9972A /* Release */ = {
			isa = XCBuildConfiguration;
			buildSettings = {
				ALWAYS_SEARCH_USER_PATHS = NO;
				CLANG_ANALYZER_NONNULL = YES;
				CLANG_ANALYZER_NUMBER_OBJECT_CONVERSION = YES_AGGRESSIVE;
				CLANG_CXX_LANGUAGE_STANDARD = "gnu++14";
				CLANG_CXX_LIBRARY = "libc++";
				CLANG_ENABLE_MODULES = YES;
				CLANG_ENABLE_OBJC_ARC = YES;
				CLANG_ENABLE_OBJC_WEAK = YES;
				CLANG_WARN_BLOCK_CAPTURE_AUTORELEASING = YES;
				CLANG_WARN_BOOL_CONVERSION = YES;
				CLANG_WARN_COMMA = YES;
				CLANG_WARN_CONSTANT_CONVERSION = YES;
				CLANG_WARN_DEPRECATED_OBJC_IMPLEMENTATIONS = YES;
				CLANG_WARN_DIRECT_OBJC_ISA_USAGE = YES_ERROR;
				CLANG_WARN_DOCUMENTATION_COMMENTS = YES;
				CLANG_WARN_EMPTY_BODY = YES;
				CLANG_WARN_ENUM_CONVERSION = YES;
				CLANG_WARN_INFINITE_RECURSION = YES;
				CLANG_WARN_INT_CONVERSION = YES;
				CLANG_WARN_NON_LITERAL_NULL_CONVERSION = YES;
				CLANG_WARN_OBJC_IMPLICIT_RETAIN_SELF = YES;
				CLANG_WARN_OBJC_LITERAL_CONVERSION = YES;
				CLANG_WARN_OBJC_ROOT_CLASS = YES_ERROR;
				CLANG_WARN_QUOTED_INCLUDE_IN_FRAMEWORK_HEADER = YES;
				CLANG_WARN_RANGE_LOOP_ANALYSIS = YES;
				CLANG_WARN_STRICT_PROTOTYPES = YES;
				CLANG_WARN_SUSPICIOUS_MOVE = YES;
				CLANG_WARN_UNGUARDED_AVAILABILITY = YES_AGGRESSIVE;
				CLANG_WARN_UNREACHABLE_CODE = YES;
				CLANG_WARN__DUPLICATE_METHOD_MATCH = YES;
				COPY_PHASE_STRIP = NO;
				DEBUG_INFORMATION_FORMAT = "dwarf-with-dsym";
				ENABLE_NS_ASSERTIONS = NO;
				ENABLE_STRICT_OBJC_MSGSEND = YES;
				GCC_C_LANGUAGE_STANDARD = gnu11;
				GCC_NO_COMMON_BLOCKS = YES;
				GCC_WARN_64_TO_32_BIT_CONVERSION = YES;
				GCC_WARN_ABOUT_RETURN_TYPE = YES_ERROR;
				GCC_WARN_UNDECLARED_SELECTOR = YES;
				GCC_WARN_UNINITIALIZED_AUTOS = YES_AGGRESSIVE;
				GCC_WARN_UNUSED_FUNCTION = YES;
				GCC_WARN_UNUSED_VARIABLE = YES;
				IPHONEOS_DEPLOYMENT_TARGET = 14.3;
				MTL_ENABLE_DEBUG_INFO = NO;
				MTL_FAST_MATH = YES;
				SDKROOT = iphoneos;
				SWIFT_COMPILATION_MODE = wholemodule;
				SWIFT_OPTIMIZATION_LEVEL = "-O";
				VALIDATE_PRODUCT = YES;
			};
			name = Release;
		};
		18E7BE6D25CF144D00F9972A /* Debug */ = {
			isa = XCBuildConfiguration;
			buildSettings = {
				ASSETCATALOG_COMPILER_APPICON_NAME = AppIcon;
				ASSETCATALOG_COMPILER_GLOBAL_ACCENT_COLOR_NAME = AccentColor;
				CODE_SIGN_STYLE = Automatic;
				INFOPLIST_FILE = DesignPractice/Info.plist;
				LD_RUNPATH_SEARCH_PATHS = (
					"$(inherited)",
					"@executable_path/Frameworks",
				);
				PRODUCT_BUNDLE_IDENTIFIER = Swift.DesignPractice;
				PRODUCT_NAME = "$(TARGET_NAME)";
				SWIFT_VERSION = 5.0;
				TARGETED_DEVICE_FAMILY = "1,2";
			};
			name = Debug;
		};
		18E7BE6E25CF144D00F9972A /* Release */ = {
			isa = XCBuildConfiguration;
			buildSettings = {
				ASSETCATALOG_COMPILER_APPICON_NAME = AppIcon;
				ASSETCATALOG_COMPILER_GLOBAL_ACCENT_COLOR_NAME = AccentColor;
				CODE_SIGN_STYLE = Automatic;
				INFOPLIST_FILE = DesignPractice/Info.plist;
				LD_RUNPATH_SEARCH_PATHS = (
					"$(inherited)",
					"@executable_path/Frameworks",
				);
				PRODUCT_BUNDLE_IDENTIFIER = Swift.DesignPractice;
				PRODUCT_NAME = "$(TARGET_NAME)";
				SWIFT_VERSION = 5.0;
				TARGETED_DEVICE_FAMILY = "1,2";
			};
			name = Release;
		};
/* End XCBuildConfiguration section */

/* Begin XCConfigurationList section */
		18E7BE5325CF144900F9972A /* Build configuration list for PBXProject "DesignPractice" */ = {
			isa = XCConfigurationList;
			buildConfigurations = (
				18E7BE6A25CF144D00F9972A /* Debug */,
				18E7BE6B25CF144D00F9972A /* Release */,
			);
			defaultConfigurationIsVisible = 0;
			defaultConfigurationName = Release;
		};
		18E7BE6C25CF144D00F9972A /* Build configuration list for PBXNativeTarget "DesignPractice" */ = {
			isa = XCConfigurationList;
			buildConfigurations = (
				18E7BE6D25CF144D00F9972A /* Debug */,
				18E7BE6E25CF144D00F9972A /* Release */,
			);
			defaultConfigurationIsVisible = 0;
			defaultConfigurationName = Release;
		};
/* End XCConfigurationList section */
	};
	rootObject = 18E7BE5025CF144900F9972A /* Project object */;
}
